
Microsoft Visual Studio Solution File, Format Version 12.00
# Visual Studio Version 17
VisualStudioVersion = 17.1.32407.343
MinimumVisualStudioVersion = 10.0.40219.1
Project("{9A19103F-16F7-4668-BE54-9A1E7A4F7556}") = "AzureConfigHelper", "AzureConfigHelper.csproj", "{BE1C7AD5-EA4C-41F6-B9DF-E36E358A76E2}"
EndProject
Global
	GlobalSection(SolutionConfigurationPlatforms) = preSolution
		Debug|Any CPU = Debug|Any CPU
		Release|Any CPU = Release|Any CPU
	EndGlobalSection
	GlobalSection(ProjectConfigurationPlatforms) = postSolution
		{BE1C7AD5-EA4C-41F6-B9DF-E36E358A76E2}.Debug|Any CPU.ActiveCfg = Debug|Any CPU
		{BE1C7AD5-EA4C-41F6-B9DF-E36E358A76E2}.Debug|Any CPU.Build.0 = Debug|Any CPU
		{BE1C7AD5-EA4C-41F6-B9DF-E36E358A76E2}.Release|Any CPU.ActiveCfg = Release|Any CPU
		{BE1C7AD5-EA4C-41F6-B9DF-E36E358A76E2}.Release|Any CPU.Build.0 = Release|Any CPU
	EndGlobalSection
	GlobalSection(SolutionProperties) = preSolution
		HideSolutionNode = FALSE
	EndGlobalSection
	GlobalSection(ExtensibilityGlobals) = postSolution
		SolutionGuid = {610B1E49-D2B3-4AB1-97E3-F744AEEBA1CE}
	EndGlobalSection
EndGlobal
